// !$*UTF8*$!
{
	archiveVersion = 1;
	classes = {
	};
	objectVersion = 48;
	objects = {

/* Begin PBXBuildFile section */
		171D347423546109003AAE56 /* Test1Model.swift in Sources */ = {isa = PBXBuildFile; fileRef = 171D347323546109003AAE56 /* Test1Model.swift */; };
		178626F92354753B00F5C543 /* CleanJSON+CustomAdapter.swift in Sources */ = {isa = PBXBuildFile; fileRef = 178626F82354753A00F5C543 /* CleanJSON+CustomAdapter.swift */; };
		310F17BB21C242970014AB5E /* DealModel.swift in Sources */ = {isa = PBXBuildFile; fileRef = 310F17BA21C242970014AB5E /* DealModel.swift */; };
		312D768A1FE771F90032B2F5 /* Test3Model.swift in Sources */ = {isa = PBXBuildFile; fileRef = 312D76891FE771F90032B2F5 /* Test3Model.swift */; };
		315553231FBC1EEF00AE00E1 /* AppDelegate.swift in Sources */ = {isa = PBXBuildFile; fileRef = 315553221FBC1EEF00AE00E1 /* AppDelegate.swift */; };
		315553251FBC1EEF00AE00E1 /* ViewController.swift in Sources */ = {isa = PBXBuildFile; fileRef = 315553241FBC1EEF00AE00E1 /* ViewController.swift */; };
		3155532A1FBC1EEF00AE00E1 /* Assets.xcassets in Resources */ = {isa = PBXBuildFile; fileRef = 315553291FBC1EEF00AE00E1 /* Assets.xcassets */; };
		3155532D1FBC1EEF00AE00E1 /* LaunchScreen.storyboard in Resources */ = {isa = PBXBuildFile; fileRef = 3155532B1FBC1EEF00AE00E1 /* LaunchScreen.storyboard */; };
		315B782B2021CD19007C6C95 /* KeyedDecodingContainerProtocol+Decode.swift in Sources */ = {isa = PBXBuildFile; fileRef = 315B782A2021CD19007C6C95 /* KeyedDecodingContainerProtocol+Decode.swift */; };
		31C506B01FBC39D3006637F6 /* Test2Model.swift in Sources */ = {isa = PBXBuildFile; fileRef = 31C506AF1FBC39D3006637F6 /* Test2Model.swift */; };
		31E2C8C6213D32B400EC625E /* KeyedDecodingContainer+Extension.swift in Sources */ = {isa = PBXBuildFile; fileRef = 31E2C8C5213D32B400EC625E /* KeyedDecodingContainer+Extension.swift */; };
		CE827EEA83924A176B4FFFC3 /* Pods_SwiftDecoderDemo.framework in Frameworks */ = {isa = PBXBuildFile; fileRef = 323991EA7125DD5EE109C975 /* Pods_SwiftDecoderDemo.framework */; };
/* End PBXBuildFile section */

/* Begin PBXFileReference section */
		171D347323546109003AAE56 /* Test1Model.swift */ = {isa = PBXFileReference; lastKnownFileType = sourcecode.swift; path = Test1Model.swift; sourceTree = "<group>"; };
		178626F82354753A00F5C543 /* CleanJSON+CustomAdapter.swift */ = {isa = PBXFileReference; lastKnownFileType = sourcecode.swift; path = "CleanJSON+CustomAdapter.swift"; sourceTree = "<group>"; };
		310F17BA21C242970014AB5E /* DealModel.swift */ = {isa = PBXFileReference; lastKnownFileType = sourcecode.swift; path = DealModel.swift; sourceTree = "<group>"; };
		312D76891FE771F90032B2F5 /* Test3Model.swift */ = {isa = PBXFileReference; lastKnownFileType = sourcecode.swift; path = Test3Model.swift; sourceTree = "<group>"; };
		3155531F1FBC1EEF00AE00E1 /* SwiftDecoderDemo.app */ = {isa = PBXFileReference; explicitFileType = wrapper.application; includeInIndex = 0; path = SwiftDecoderDemo.app; sourceTree = BUILT_PRODUCTS_DIR; };
		315553221FBC1EEF00AE00E1 /* AppDelegate.swift */ = {isa = PBXFileReference; lastKnownFileType = sourcecode.swift; path = AppDelegate.swift; sourceTree = "<group>"; };
		315553241FBC1EEF00AE00E1 /* ViewController.swift */ = {isa = PBXFileReference; lastKnownFileType = sourcecode.swift; path = ViewController.swift; sourceTree = "<group>"; };
		315553291FBC1EEF00AE00E1 /* Assets.xcassets */ = {isa = PBXFileReference; lastKnownFileType = folder.assetcatalog; path = Assets.xcassets; sourceTree = "<group>"; };
		3155532C1FBC1EEF00AE00E1 /* Base */ = {isa = PBXFileReference; lastKnownFileType = file.storyboard; name = Base; path = Base.lproj/LaunchScreen.storyboard; sourceTree = "<group>"; };
		3155532E1FBC1EEF00AE00E1 /* Info.plist */ = {isa = PBXFileReference; lastKnownFileType = text.plist.xml; path = Info.plist; sourceTree = "<group>"; };
		315B782A2021CD19007C6C95 /* KeyedDecodingContainerProtocol+Decode.swift */ = {isa = PBXFileReference; lastKnownFileType = sourcecode.swift; path = "KeyedDecodingContainerProtocol+Decode.swift"; sourceTree = "<group>"; };
		31C506AF1FBC39D3006637F6 /* Test2Model.swift */ = {isa = PBXFileReference; lastKnownFileType = sourcecode.swift; path = Test2Model.swift; sourceTree = "<group>"; };
		31E2C8C5213D32B400EC625E /* KeyedDecodingContainer+Extension.swift */ = {isa = PBXFileReference; lastKnownFileType = sourcecode.swift; path = "KeyedDecodingContainer+Extension.swift"; sourceTree = "<group>"; };
		323991EA7125DD5EE109C975 /* Pods_SwiftDecoderDemo.framework */ = {isa = PBXFileReference; explicitFileType = wrapper.framework; includeInIndex = 0; path = Pods_SwiftDecoderDemo.framework; sourceTree = BUILT_PRODUCTS_DIR; };
		64103734CA100EF56E274A4B /* Pods-01_TestJSONDecoder.release.xcconfig */ = {isa = PBXFileReference; includeInIndex = 1; lastKnownFileType = text.xcconfig; name = "Pods-01_TestJSONDecoder.release.xcconfig"; path = "Target Support Files/Pods-01_TestJSONDecoder/Pods-01_TestJSONDecoder.release.xcconfig"; sourceTree = "<group>"; };
		9E1F84EEC7E5E91BFCA5EFDB /* Pods-SwiftDecoderDemo.debug.xcconfig */ = {isa = PBXFileReference; includeInIndex = 1; lastKnownFileType = text.xcconfig; name = "Pods-SwiftDecoderDemo.debug.xcconfig"; path = "Target Support Files/Pods-SwiftDecoderDemo/Pods-SwiftDecoderDemo.debug.xcconfig"; sourceTree = "<group>"; };
		B9CA2CFC36EFBCD4608D1771 /* Pods-01_TestJSONDecoder.debug.xcconfig */ = {isa = PBXFileReference; includeInIndex = 1; lastKnownFileType = text.xcconfig; name = "Pods-01_TestJSONDecoder.debug.xcconfig"; path = "Target Support Files/Pods-01_TestJSONDecoder/Pods-01_TestJSONDecoder.debug.xcconfig"; sourceTree = "<group>"; };
		F2DECEBAC05FD8ED678DCBF2 /* Pods-SwiftDecoderDemo.release.xcconfig */ = {isa = PBXFileReference; includeInIndex = 1; lastKnownFileType = text.xcconfig; name = "Pods-SwiftDecoderDemo.release.xcconfig"; path = "Target Support Files/Pods-SwiftDecoderDemo/Pods-SwiftDecoderDemo.release.xcconfig"; sourceTree = "<group>"; };
/* End PBXFileReference section */

/* Begin PBXFrameworksBuildPhase section */
		3155531C1FBC1EEF00AE00E1 /* Frameworks */ = {
			isa = PBXFrameworksBuildPhase;
			buildActionMask = 2147483647;
			files = (
				CE827EEA83924A176B4FFFC3 /* Pods_SwiftDecoderDemo.framework in Frameworks */,
			);
			runOnlyForDeploymentPostprocessing = 0;
		};
/* End PBXFrameworksBuildPhase section */

/* Begin PBXGroup section */
		024B0344A2F553F6722BDD61 /* Pods */ = {
			isa = PBXGroup;
			children = (
				B9CA2CFC36EFBCD4608D1771 /* Pods-01_TestJSONDecoder.debug.xcconfig */,
				64103734CA100EF56E274A4B /* Pods-01_TestJSONDecoder.release.xcconfig */,
				9E1F84EEC7E5E91BFCA5EFDB /* Pods-SwiftDecoderDemo.debug.xcconfig */,
				F2DECEBAC05FD8ED678DCBF2 /* Pods-SwiftDecoderDemo.release.xcconfig */,
			);
			path = Pods;
			sourceTree = "<group>";
		};
		315553161FBC1EEF00AE00E1 = {
			isa = PBXGroup;
			children = (
				315553211FBC1EEF00AE00E1 /* SwiftDecoderDemo */,
				315553201FBC1EEF00AE00E1 /* Products */,
				024B0344A2F553F6722BDD61 /* Pods */,
				6963681D50DE7A99B8EC740D /* Frameworks */,
			);
			sourceTree = "<group>";
		};
		315553201FBC1EEF00AE00E1 /* Products */ = {
			isa = PBXGroup;
			children = (
				3155531F1FBC1EEF00AE00E1 /* SwiftDecoderDemo.app */,
			);
			name = Products;
			sourceTree = "<group>";
		};
		315553211FBC1EEF00AE00E1 /* SwiftDecoderDemo */ = {
			isa = PBXGroup;
			children = (
				315553221FBC1EEF00AE00E1 /* AppDelegate.swift */,
				315553241FBC1EEF00AE00E1 /* ViewController.swift */,
				171D347323546109003AAE56 /* Test1Model.swift */,
				31C506AF1FBC39D3006637F6 /* Test2Model.swift */,
				312D76891FE771F90032B2F5 /* Test3Model.swift */,
				310F17BA21C242970014AB5E /* DealModel.swift */,
				315B782A2021CD19007C6C95 /* KeyedDecodingContainerProtocol+Decode.swift */,
				31E2C8C5213D32B400EC625E /* KeyedDecodingContainer+Extension.swift */,
				178626F82354753A00F5C543 /* CleanJSON+CustomAdapter.swift */,
				315553291FBC1EEF00AE00E1 /* Assets.xcassets */,
				3155532B1FBC1EEF00AE00E1 /* LaunchScreen.storyboard */,
				3155532E1FBC1EEF00AE00E1 /* Info.plist */,
			);
			path = SwiftDecoderDemo;
			sourceTree = "<group>";
		};
		6963681D50DE7A99B8EC740D /* Frameworks */ = {
			isa = PBXGroup;
			children = (
				323991EA7125DD5EE109C975 /* Pods_SwiftDecoderDemo.framework */,
			);
			name = Frameworks;
			sourceTree = "<group>";
		};
/* End PBXGroup section */

/* Begin PBXNativeTarget section */
		3155531E1FBC1EEF00AE00E1 /* SwiftDecoderDemo */ = {
			isa = PBXNativeTarget;
			buildConfigurationList = 315553311FBC1EEF00AE00E1 /* Build configuration list for PBXNativeTarget "SwiftDecoderDemo" */;
			buildPhases = (
				85FA0CC8B028E83231F3CF61 /* [CP] Check Pods Manifest.lock */,
				3155531B1FBC1EEF00AE00E1 /* Sources */,
				3155531C1FBC1EEF00AE00E1 /* Frameworks */,
				3155531D1FBC1EEF00AE00E1 /* Resources */,
				FD924BF17D8350CB600C3C86 /* [CP] Embed Pods Frameworks */,
			);
			buildRules = (
			);
			dependencies = (
			);
			name = SwiftDecoderDemo;
			productName = 01_TestJSONDecoder;
			productReference = 3155531F1FBC1EEF00AE00E1 /* SwiftDecoderDemo.app */;
			productType = "com.apple.product-type.application";
		};
/* End PBXNativeTarget section */

/* Begin PBXProject section */
		315553171FBC1EEF00AE00E1 /* Project object */ = {
			isa = PBXProject;
			attributes = {
				LastSwiftUpdateCheck = 0910;
				LastUpgradeCheck = 0940;
				ORGANIZATIONNAME = "左得胜";
				TargetAttributes = {
					3155531E1FBC1EEF00AE00E1 = {
						CreatedOnToolsVersion = 9.1;
						LastSwiftMigration = 1110;
						ProvisioningStyle = Automatic;
					};
				};
			};
			buildConfigurationList = 3155531A1FBC1EEF00AE00E1 /* Build configuration list for PBXProject "SwiftDecoderDemo" */;
			compatibilityVersion = "Xcode 8.0";
			developmentRegion = en;
			hasScannedForEncodings = 0;
			knownRegions = (
				en,
				Base,
			);
			mainGroup = 315553161FBC1EEF00AE00E1;
			productRefGroup = 315553201FBC1EEF00AE00E1 /* Products */;
			projectDirPath = "";
			projectRoot = "";
			targets = (
				3155531E1FBC1EEF00AE00E1 /* SwiftDecoderDemo */,
			);
		};
/* End PBXProject section */

/* Begin PBXResourcesBuildPhase section */
		3155531D1FBC1EEF00AE00E1 /* Resources */ = {
			isa = PBXResourcesBuildPhase;
			buildActionMask = 2147483647;
			files = (
				3155532D1FBC1EEF00AE00E1 /* LaunchScreen.storyboard in Resources */,
				3155532A1FBC1EEF00AE00E1 /* Assets.xcassets in Resources */,
			);
			runOnlyForDeploymentPostprocessing = 0;
		};
/* End PBXResourcesBuildPhase section */

/* Begin PBXShellScriptBuildPhase section */
		85FA0CC8B028E83231F3CF61 /* [CP] Check Pods Manifest.lock */ = {
			isa = PBXShellScriptBuildPhase;
			buildActionMask = 2147483647;
			files = (
			);
			inputFileListPaths = (
			);
			inputPaths = (
				"${PODS_PODFILE_DIR_PATH}/Podfile.lock",
				"${PODS_ROOT}/Manifest.lock",
			);
			name = "[CP] Check Pods Manifest.lock";
			outputFileListPaths = (
			);
			outputPaths = (
				"$(DERIVED_FILE_DIR)/Pods-SwiftDecoderDemo-checkManifestLockResult.txt",
			);
			runOnlyForDeploymentPostprocessing = 0;
			shellPath = /bin/sh;
			shellScript = "diff \"${PODS_PODFILE_DIR_PATH}/Podfile.lock\" \"${PODS_ROOT}/Manifest.lock\" > /dev/null\nif [ $? != 0 ] ; then\n    # print error to STDERR\n    echo \"error: The sandbox is not in sync with the Podfile.lock. Run 'pod install' or update your CocoaPods installation.\" >&2\n    exit 1\nfi\n# This output is used by Xcode 'outputs' to avoid re-running this script phase.\necho \"SUCCESS\" > \"${SCRIPT_OUTPUT_FILE_0}\"\n";
			showEnvVarsInLog = 0;
		};
		FD924BF17D8350CB600C3C86 /* [CP] Embed Pods Frameworks */ = {
			isa = PBXShellScriptBuildPhase;
			buildActionMask = 2147483647;
			files = (
			);
			inputPaths = (
				"${PODS_ROOT}/Target Support Files/Pods-SwiftDecoderDemo/Pods-SwiftDecoderDemo-frameworks.sh",
				"${BUILT_PRODUCTS_DIR}/CleanJSON/CleanJSON.framework",
			);
			name = "[CP] Embed Pods Frameworks";
			outputPaths = (
				"${TARGET_BUILD_DIR}/${FRAMEWORKS_FOLDER_PATH}/CleanJSON.framework",
			);
			runOnlyForDeploymentPostprocessing = 0;
			shellPath = /bin/sh;
			shellScript = "\"${PODS_ROOT}/Target Support Files/Pods-SwiftDecoderDemo/Pods-SwiftDecoderDemo-frameworks.sh\"\n";
			showEnvVarsInLog = 0;
		};
/* End PBXShellScriptBuildPhase section */

/* Begin PBXSourcesBuildPhase section */
		3155531B1FBC1EEF00AE00E1 /* Sources */ = {
			isa = PBXSourcesBuildPhase;
			buildActionMask = 2147483647;
			files = (
				31C506B01FBC39D3006637F6 /* Test2Model.swift in Sources */,
				315553251FBC1EEF00AE00E1 /* ViewController.swift in Sources */,
				315553231FBC1EEF00AE00E1 /* AppDelegate.swift in Sources */,
				178626F92354753B00F5C543 /* CleanJSON+CustomAdapter.swift in Sources */,
				315B782B2021CD19007C6C95 /* KeyedDecodingContainerProtocol+Decode.swift in Sources */,
				310F17BB21C242970014AB5E /* DealModel.swift in Sources */,
				171D347423546109003AAE56 /* Test1Model.swift in Sources */,
				31E2C8C6213D32B400EC625E /* KeyedDecodingContainer+Extension.swift in Sources */,
				312D768A1FE771F90032B2F5 /* Test3Model.swift in Sources */,
			);
			runOnlyForDeploymentPostprocessing = 0;
		};
/* End PBXSourcesBuildPhase section */

/* Begin PBXVariantGroup section */
		3155532B1FBC1EEF00AE00E1 /* LaunchScreen.storyboard */ = {
			isa = PBXVariantGroup;
			children = (
				3155532C1FBC1EEF00AE00E1 /* Base */,
			);
			name = LaunchScreen.storyboard;
			sourceTree = "<group>";
		};
/* End PBXVariantGroup section */

/* Begin XCBuildConfiguration section */
		3155532F1FBC1EEF00AE00E1 /* Debug */ = {
			isa = XCBuildConfiguration;
			buildSettings = {
				ALWAYS_SEARCH_USER_PATHS = NO;
				CLANG_ANALYZER_NONNULL = YES;
				CLANG_ANALYZER_NUMBER_OBJECT_CONVERSION = YES_AGGRESSIVE;
				CLANG_CXX_LANGUAGE_STANDARD = "gnu++14";
				CLANG_CXX_LIBRARY = "libc++";
				CLANG_ENABLE_MODULES = YES;
				CLANG_ENABLE_OBJC_ARC = YES;
				CLANG_WARN_BLOCK_CAPTURE_AUTORELEASING = YES;
				CLANG_WARN_BOOL_CONVERSION = YES;
				CLANG_WARN_COMMA = YES;
				CLANG_WARN_CONSTANT_CONVERSION = YES;
				CLANG_WARN_DEPRECATED_OBJC_IMPLEMENTATIONS = YES;
				CLANG_WARN_DIRECT_OBJC_ISA_USAGE = YES_ERROR;
				CLANG_WARN_DOCUMENTATION_COMMENTS = YES;
				CLANG_WARN_EMPTY_BODY = YES;
				CLANG_WARN_ENUM_CONVERSION = YES;
				CLANG_WARN_INFINITE_RECURSION = YES;
				CLANG_WARN_INT_CONVERSION = YES;
				CLANG_WARN_NON_LITERAL_NULL_CONVERSION = YES;
				CLANG_WARN_OBJC_IMPLICIT_RETAIN_SELF = YES;
				CLANG_WARN_OBJC_LITERAL_CONVERSION = YES;
				CLANG_WARN_OBJC_ROOT_CLASS = YES_ERROR;
				CLANG_WARN_RANGE_LOOP_ANALYSIS = YES;
				CLANG_WARN_STRICT_PROTOTYPES = YES;
				CLANG_WARN_SUSPICIOUS_MOVE = YES;
				CLANG_WARN_UNGUARDED_AVAILABILITY = YES_AGGRESSIVE;
				CLANG_WARN_UNREACHABLE_CODE = YES;
				CLANG_WARN__DUPLICATE_METHOD_MATCH = YES;
				CODE_SIGN_IDENTITY = "iPhone Developer";
				COPY_PHASE_STRIP = NO;
				DEBUG_INFORMATION_FORMAT = dwarf;
				ENABLE_STRICT_OBJC_MSGSEND = YES;
				ENABLE_TESTABILITY = YES;
				GCC_C_LANGUAGE_STANDARD = gnu11;
				GCC_DYNAMIC_NO_PIC = NO;
				GCC_NO_COMMON_BLOCKS = YES;
				GCC_OPTIMIZATION_LEVEL = 0;
				GCC_PREPROCESSOR_DEFINITIONS = (
					"DEBUG=1",
					"$(inherited)",
				);
				GCC_WARN_64_TO_32_BIT_CONVERSION = YES;
				GCC_WARN_ABOUT_RETURN_TYPE = YES_ERROR;
				GCC_WARN_UNDECLARED_SELECTOR = YES;
				GCC_WARN_UNINITIALIZED_AUTOS = YES_AGGRESSIVE;
				GCC_WARN_UNUSED_FUNCTION = YES;
				GCC_WARN_UNUSED_VARIABLE = YES;
				IPHONEOS_DEPLOYMENT_TARGET = 9.0;
				MTL_ENABLE_DEBUG_INFO = YES;
				ONLY_ACTIVE_ARCH = YES;
				SDKROOT = iphoneos;
				SWIFT_ACTIVE_COMPILATION_CONDITIONS = DEBUG;
				SWIFT_OPTIMIZATION_LEVEL = "-Onone";
			};
			name = Debug;
		};
		315553301FBC1EEF00AE00E1 /* Release */ = {
			isa = XCBuildConfiguration;
			buildSettings = {
				ALWAYS_SEARCH_USER_PATHS = NO;
				CLANG_ANALYZER_NONNULL = YES;
				CLANG_ANALYZER_NUMBER_OBJECT_CONVERSION = YES_AGGRESSIVE;
				CLANG_CXX_LANGUAGE_STANDARD = "gnu++14";
				CLANG_CXX_LIBRARY = "libc++";
				CLANG_ENABLE_MODULES = YES;
				CLANG_ENABLE_OBJC_ARC = YES;
				CLANG_WARN_BLOCK_CAPTURE_AUTORELEASING = YES;
				CLANG_WARN_BOOL_CONVERSION = YES;
				CLANG_WARN_COMMA = YES;
				CLANG_WARN_CONSTANT_CONVERSION = YES;
				CLANG_WARN_DEPRECATED_OBJC_IMPLEMENTATIONS = YES;
				CLANG_WARN_DIRECT_OBJC_ISA_USAGE = YES_ERROR;
				CLANG_WARN_DOCUMENTATION_COMMENTS = YES;
				CLANG_WARN_EMPTY_BODY = YES;
				CLANG_WARN_ENUM_CONVERSION = YES;
				CLANG_WARN_INFINITE_RECURSION = YES;
				CLANG_WARN_INT_CONVERSION = YES;
				CLANG_WARN_NON_LITERAL_NULL_CONVERSION = YES;
				CLANG_WARN_OBJC_IMPLICIT_RETAIN_SELF = YES;
				CLANG_WARN_OBJC_LITERAL_CONVERSION = YES;
				CLANG_WARN_OBJC_ROOT_CLASS = YES_ERROR;
				CLANG_WARN_RANGE_LOOP_ANALYSIS = YES;
				CLANG_WARN_STRICT_PROTOTYPES = YES;
				CLANG_WARN_SUSPICIOUS_MOVE = YES;
				CLANG_WARN_UNGUARDED_AVAILABILITY = YES_AGGRESSIVE;
				CLANG_WARN_UNREACHABLE_CODE = YES;
				CLANG_WARN__DUPLICATE_METHOD_MATCH = YES;
				CODE_SIGN_IDENTITY = "iPhone Developer";
				COPY_PHASE_STRIP = NO;
				DEBUG_INFORMATION_FORMAT = "dwarf-with-dsym";
				ENABLE_NS_ASSERTIONS = NO;
				ENABLE_STRICT_OBJC_MSGSEND = YES;
				GCC_C_LANGUAGE_STANDARD = gnu11;
				GCC_NO_COMMON_BLOCKS = YES;
				GCC_WARN_64_TO_32_BIT_CONVERSION = YES;
				GCC_WARN_ABOUT_RETURN_TYPE = YES_ERROR;
				GCC_WARN_UNDECLARED_SELECTOR = YES;
				GCC_WARN_UNINITIALIZED_AUTOS = YES_AGGRESSIVE;
				GCC_WARN_UNUSED_FUNCTION = YES;
				GCC_WARN_UNUSED_VARIABLE = YES;
				IPHONEOS_DEPLOYMENT_TARGET = 9.0;
				MTL_ENABLE_DEBUG_INFO = NO;
				SDKROOT = iphoneos;
				SWIFT_OPTIMIZATION_LEVEL = "-Owholemodule";
				VALIDATE_PRODUCT = YES;
			};
			name = Release;
		};
		315553321FBC1EEF00AE00E1 /* Debug */ = {
			isa = XCBuildConfiguration;
			baseConfigurationReference = 9E1F84EEC7E5E91BFCA5EFDB /* Pods-SwiftDecoderDemo.debug.xcconfig */;
			buildSettings = {
				ASSETCATALOG_COMPILER_APPICON_NAME = AppIcon;
				CODE_SIGN_STYLE = Automatic;
				DEVELOPMENT_TEAM = 6CT8FYEK5B;
				INFOPLIST_FILE = SwiftDecoderDemo/Info.plist;
				LD_RUNPATH_SEARCH_PATHS = "$(inherited) @executable_path/Frameworks";
				PRODUCT_BUNDLE_IDENTIFIER = com.jialin.SwiftDecoderDemo;
				PRODUCT_NAME = "$(TARGET_NAME)";
				SWIFT_VERSION = 5.0;
				TARGETED_DEVICE_FAMILY = "1,2";
			};
			name = Debug;
		};
		315553331FBC1EEF00AE00E1 /* Release */ = {
			isa = XCBuildConfiguration;
			baseConfigurationReference = F2DECEBAC05FD8ED678DCBF2 /* Pods-SwiftDecoderDemo.release.xcconfig */;
			buildSettings = {
				ASSETCATALOG_COMPILER_APPICON_NAME = AppIcon;
				CODE_SIGN_STYLE = Automatic;
				DEVELOPMENT_TEAM = 6CT8FYEK5B;
				INFOPLIST_FILE = SwiftDecoderDemo/Info.plist;
				LD_RUNPATH_SEARCH_PATHS = "$(inherited) @executable_path/Frameworks";
				PRODUCT_BUNDLE_IDENTIFIER = com.jialin.SwiftDecoderDemo;
				PRODUCT_NAME = "$(TARGET_NAME)";
				SWIFT_VERSION = 5.0;
				TARGETED_DEVICE_FAMILY = "1,2";
			};
			name = Release;
		};
/* End XCBuildConfiguration section */

/* Begin XCConfigurationList section */
		3155531A1FBC1EEF00AE00E1 /* Build configuration list for PBXProject "SwiftDecoderDemo" */ = {
			isa = XCConfigurationList;
			buildConfigurations = (
				3155532F1FBC1EEF00AE00E1 /* Debug */,
				315553301FBC1EEF00AE00E1 /* Release */,
			);
			defaultConfigurationIsVisible = 0;
			defaultConfigurationName = Release;
		};
		315553311FBC1EEF00AE00E1 /* Build configuration list for PBXNativeTarget "SwiftDecoderDemo" */ = {
			isa = XCConfigurationList;
			buildConfigurations = (
				315553321FBC1EEF00AE00E1 /* Debug */,
				315553331FBC1EEF00AE00E1 /* Release */,
			);
			defaultConfigurationIsVisible = 0;
			defaultConfigurationName = Release;
		};
/* End XCConfigurationList section */
	};
	rootObject = 315553171FBC1EEF00AE00E1 /* Project object */;
}
